
Microsoft Visual Studio Solution File, Format Version 12.00
Project("{FAE04EC0-301F-11D3-BF4B-00C04F79EFBC}") = "Serilog.Sinks.NewRelicInsights", "Serilog.Sinks.NewRelicInsights\Serilog.Sinks.NewRelicInsights.csproj", "{F7371626-206F-4D6D-95C8-A0C301C8A2DD}"
EndProject
Project("{FAE04EC0-301F-11D3-BF4B-00C04F79EFBC}") = "SampleApp", "Samples\SampleApp\SampleApp.csproj", "{9E2194FD-C00F-4794-938F-AD0560669E0A}"
EndProject
Project("{9A19103F-16F7-4668-BE54-9A1E7A4F7556}") = "_build", "..\build\_build.csproj", "{C5F956D5-F525-4A99-9F4A-844A0526CF92}"
EndProject
Global
	GlobalSection(SolutionConfigurationPlatforms) = preSolution
		Debug|Any CPU = Debug|Any CPU
		Release|Any CPU = Release|Any CPU
	EndGlobalSection
	GlobalSection(ProjectConfigurationPlatforms) = postSolution
		{C5F956D5-F525-4A99-9F4A-844A0526CF92}.Debug|Any CPU.ActiveCfg = Debug|Any CPU
		{C5F956D5-F525-4A99-9F4A-844A0526CF92}.Release|Any CPU.ActiveCfg = Release|Any CPU
		{F7371626-206F-4D6D-95C8-A0C301C8A2DD}.Debug|Any CPU.ActiveCfg = Debug|Any CPU
		{F7371626-206F-4D6D-95C8-A0C301C8A2DD}.Debug|Any CPU.Build.0 = Debug|Any CPU
		{F7371626-206F-4D6D-95C8-A0C301C8A2DD}.Release|Any CPU.ActiveCfg = Release|Any CPU
		{F7371626-206F-4D6D-95C8-A0C301C8A2DD}.Release|Any CPU.Build.0 = Release|Any CPU
		{9E2194FD-C00F-4794-938F-AD0560669E0A}.Debug|Any CPU.ActiveCfg = Debug|Any CPU
		{9E2194FD-C00F-4794-938F-AD0560669E0A}.Debug|Any CPU.Build.0 = Debug|Any CPU
		{9E2194FD-C00F-4794-938F-AD0560669E0A}.Release|Any CPU.ActiveCfg = Release|Any CPU
		{9E2194FD-C00F-4794-938F-AD0560669E0A}.Release|Any CPU.Build.0 = Release|Any CPU
	EndGlobalSection
EndGlobal
